# This file is automatically @generated by Cargo.
# It is not intended for manual editing.
version = 4

[[package]]
name = "raptorq"
version = "2.0.0"
source = "registry+https://github.com/rust-lang/crates.io-index"
checksum = "90b1b1fad69672f0b901b5004863ea4307f03d168a3db5f2bcba4d3dfed88e97"

[[package]]
name = "raptorq-interop-gen"
version = "0.1.0"
dependencies = [
 "raptorq",
]
